
Microsoft Visual Studio Solution File, Format Version 12.00
# Visual Studio Version 16
VisualStudioVersion = 16.0.31424.327
MinimumVisualStudioVersion = 10.0.40219.1
Project("{9A19103F-16F7-4668-BE54-9A1E7A4F7556}") = "RKNBtest", "RKNBtest\RKNBtest.csproj", "{74C41D83-F338-4A39-8CB5-603F64090A17}"
EndProject
Project("{9A19103F-16F7-4668-BE54-9A1E7A4F7556}") = "TestRKNBtest", "TestRKNBtest\TestRKNBtest.csproj", "{48056B45-B574-47D9-A7C9-977C235CB0D0}"
EndProject
Project("{2150E333-8FDC-42A3-9474-1A3956D46DE8}") = "Solution Items", "Solution Items", "{1CE60852-D169-4348-A17E-3FFD0EC6327B}"
	ProjectSection(SolutionItems) = preProject
		Руководство.txt = Руководство.txt
	EndProjectSection
EndProject
Global
	GlobalSection(SolutionConfigurationPlatforms) = preSolution
		Debug|Any CPU = Debug|Any CPU
		Release|Any CPU = Release|Any CPU
	EndGlobalSection
	GlobalSection(ProjectConfigurationPlatforms) = postSolution
		{74C41D83-F338-4A39-8CB5-603F64090A17}.Debug|Any CPU.ActiveCfg = Debug|Any CPU
		{74C41D83-F338-4A39-8CB5-603F64090A17}.Debug|Any CPU.Build.0 = Debug|Any CPU
		{74C41D83-F338-4A39-8CB5-603F64090A17}.Release|Any CPU.ActiveCfg = Release|Any CPU
		{74C41D83-F338-4A39-8CB5-603F64090A17}.Release|Any CPU.Build.0 = Release|Any CPU
		{48056B45-B574-47D9-A7C9-977C235CB0D0}.Debug|Any CPU.ActiveCfg = Debug|Any CPU
		{48056B45-B574-47D9-A7C9-977C235CB0D0}.Debug|Any CPU.Build.0 = Debug|Any CPU
		{48056B45-B574-47D9-A7C9-977C235CB0D0}.Release|Any CPU.ActiveCfg = Release|Any CPU
		{48056B45-B574-47D9-A7C9-977C235CB0D0}.Release|Any CPU.Build.0 = Release|Any CPU
	EndGlobalSection
	GlobalSection(SolutionProperties) = preSolution
		HideSolutionNode = FALSE
	EndGlobalSection
	GlobalSection(ExtensibilityGlobals) = postSolution
		SolutionGuid = {433AD92C-ABBD-422C-A48E-3027E8957ACB}
	EndGlobalSection
EndGlobal
